
Microsoft Visual Studio Solution File, Format Version 12.00
# Visual Studio Version 17
VisualStudioVersion = 17.11.35327.3
MinimumVisualStudioVersion = 10.0.40219.1
Project("{FAE04EC0-301F-11D3-BF4B-00C04F79EFBC}") = "AdviseringWordAddin", "AdviseringWordAddin\AdviseringWordAddin.csproj", "{B3EF97C6-6050-4296-9268-774CA9915FDE}"
EndProject
Project("{9A19103F-16F7-4668-BE54-9A1E7A4F7556}") = "AdviseringWordAddinWeb", "AdviseringWordAddinWeb\AdviseringWordAddinWeb.csproj", "{669EE054-B5D3-44F4-A30A-F4B1F9E73143}"
EndProject
Global
	GlobalSection(SolutionConfigurationPlatforms) = preSolution
		Debug|Any CPU = Debug|Any CPU
		Release|Any CPU = Release|Any CPU
	EndGlobalSection
	GlobalSection(ProjectConfigurationPlatforms) = postSolution
		{B3EF97C6-6050-4296-9268-774CA9915FDE}.Debug|Any CPU.ActiveCfg = Debug|Any CPU
		{B3EF97C6-6050-4296-9268-774CA9915FDE}.Debug|Any CPU.Build.0 = Debug|Any CPU
		{B3EF97C6-6050-4296-9268-774CA9915FDE}.Debug|Any CPU.Deploy.0 = Debug|Any CPU
		{B3EF97C6-6050-4296-9268-774CA9915FDE}.Release|Any CPU.ActiveCfg = Release|Any CPU
		{B3EF97C6-6050-4296-9268-774CA9915FDE}.Release|Any CPU.Build.0 = Release|Any CPU
		{B3EF97C6-6050-4296-9268-774CA9915FDE}.Release|Any CPU.Deploy.0 = Release|Any CPU
		{669EE054-B5D3-44F4-A30A-F4B1F9E73143}.Debug|Any CPU.ActiveCfg = Debug|Any CPU
		{669EE054-B5D3-44F4-A30A-F4B1F9E73143}.Debug|Any CPU.Build.0 = Debug|Any CPU
		{669EE054-B5D3-44F4-A30A-F4B1F9E73143}.Release|Any CPU.ActiveCfg = Release|Any CPU
		{669EE054-B5D3-44F4-A30A-F4B1F9E73143}.Release|Any CPU.Build.0 = Release|Any CPU
	EndGlobalSection
	GlobalSection(SolutionProperties) = preSolution
		HideSolutionNode = FALSE
	EndGlobalSection
	GlobalSection(ExtensibilityGlobals) = postSolution
		SolutionGuid = {44AD0448-073D-454B-8A11-8D022C3643C4}
	EndGlobalSection
EndGlobal
